{
  "_format": 1,
  "files": {
    ".claude-plugin/plugin.json": "8efaf5f279a50c3fd7734555a0a1c99dc1e8c098e647ba7c4bee3760b72e2733",
    "agents/model-curator.md": "1b8381997ea4c29944e1388b7467ca38787c893801e8bfd79460c103d0e169d5",
    "commands/presence-curate.md": "9295204486515a9dfd1a66ee77b64b067fdcb04ca436f182106659b33d504986",
    "commands/presence-doctor.md": "36bf525442fa906811f7a67b654c09b4254f961ea4953365a890aff1456e2398",
    "commands/presence-preset.md": "e243c01d19ef00a57701f8d667bdea51537c4d8335e1c4f9e36f71a11168fffd",
    "commands/presence-reset.md": "0c7f6404d197ced0f0bc53733514773ee2fd4e917e419398cdd72c334352ce01",
    "commands/presence-status.md": "639ee3567b8ce59320dfaf6fbe27fff9de6089f74928c79feb3b8fb84380c352",
    "commands/presence-unlock.md": "d2359d143b019143a96d87d18c676ad5b28a9d940997ccfedb8f671f27462594",
    "hooks/hooks.json": "40effcbf1648f374a4f2f5766fb50090b5f7825887beaa4412f7fb67704f7c93",
    "hooks/scripts/_common.sh": "055a207332dc2d07217bbe9ea6aaaf2afa4f8ff57d0dff4696e5a4929e8de432",
    "hooks/scripts/post-tool-bash.sh": "6d27b03b211e0abe02eb3fad68f9ab2135907b5ee93ea62fad1aa01fa72cc445",
    "hooks/scripts/post-tool-edit.sh": "1dfb1213924a51a0e92bd0da5e19d660cb423e023543402544b7068b784bfa6e",
    "hooks/scripts/pre-tool-bash.sh": "6f31ce0896950ad03e5da8e06809c41029b7068c781e42e8d3c8045add91b3eb",
    "hooks/scripts/session-start.sh": "8d1c7ae9ae0884fb88bc9e18f949dc9d5bd1c3ce1aff40da14088128917b09fb",
    "hooks/scripts/stop.sh": "54ead2f0f29aefcf9120f44f99f9c7f5357fbbacc9330d28e942200947595267",
    "hooks/scripts/user-prompt-submit.sh": "006cc582419f061934dc94842de6240722b48ac23578c1b0c84ae1ceaad6df60",
    "lib/__init__.py": "3924e6140f824621834055e1720aa9104fc10bf54c4af5f0f0cf1121a27b6aa9",
    "lib/_common.py": "843a6533ba284a7843380914c0d37aa85d348adc08f3354a71067f75ef2e8628",
    "lib/audit.py": "d71dada0ad335a0495e17afd04bbcb2f7c6e81fd163d8d3036ba83b5dbc1fa2a",
    "lib/cmdparse.py": "30f4562a191ad3a854e66d41cf6760a8e8c959761d4717ff4f024f3f773df1e3",
    "lib/crypto.py": "7434a4c73b2fa1c08243fa72a3d4ed456c895ae071c352a33c0726a19e8a1129",
    "lib/doctor.py": "91bb3ab51de1bd02ef3828bf61ae0f4b4a2c3e8330fdf7b3b0c1b1a4892147a6",
    "lib/events.py": "d3b060f97be7255932aceacaf42b895c64cc031f39bd7775e3a0085ae512bfa6",
    "lib/hook_post_tool_bash.py": "03a3833ace8479a504ca5472a7de4da331650c4e81d57214b2204ff43cd53c0b",
    "lib/hook_post_tool_edit.py": "f4c22236fd84a84740dd13c9c5d794dca1c73da9c8611286d1c263849072b706",
    "lib/hook_pre_tool_bash.py": "bb562d1fb564af297bd07ad9501c6d16669e3844bcb37bdc0999470577068c01",
    "lib/hook_session_start.py": "34732732a78697b02c154ed8ab943bb6498fc56ac9716f869f26dab10faa8df4",
    "lib/hook_stop.py": "eb737e4300567d964a8173ae6efd04527e71559d18f2c047305d87388bac38f8",
    "lib/hook_user_prompt_submit.py": "d03e9e57896ca954c8b3592590839203c0697e89040af577bc8371dfdc797dd8",
    "lib/integrity.py": "5f4a99b9008da7c2632c50706c0d404492cd06626f3a9408a0c338921f4d3d11",
    "lib/model.py": "3236cddc8c6f24aec8fece40ac5fbaf7c586f499f11a8bcccad499044dd10dce",
    "lib/presets.py": "831bdcc324a244ca1061b69aee9d95fff15dbd708110eae1d6fcfd8c870fffed",
    "lib/redact.py": "aecd135dd5d1626acd5caf69a90799d2bcf6d5938ad1f381acafcfa736cb9581",
    "lib/telemetry.py": "f54a8c53a805e78832fc517082498e5f805f9ddb73384cc62a1f6054c167b034",
    "lib/unlock.py": "b51f0cd97695a4a67adb2194b660c1604245c2af1c1cc2b9de6fc7516c11259f",
    "lib/verify.py": "dec5240013d00109e8231eeeef2a87a82c372e9a9deb8d407b51edd5c673c23a",
    "lib/warnings_log.py": "40f5498da522815a89d8a14bbb3a2d1f36cd9d1d885e55261cc3aa9850c663c2",
    "presets/enterprise-strict.json": "1b14e70990eb8d9b2e990131f887db6f7eadfc4f2dedadc242ff83578384eadf",
    "presets/solo-dev.json": "8ecae15b3d457b6f95d63152ed97f186a16ec6ea586c07467ec7a4393ab1b6c0",
    "presets/team-oss.json": "ec7664ab70f69fd1d588bf9b724844bd67b750b8c4618c161815eec6fb43e9fc",
    "presets/zerotrust.json": "8f68239aa991bb06ee60a8bfbc652fd9ca3c7ce5f91fff1f7d5920d28910d7d4",
    "skills/confidence-gate/SKILL.md": "e3a0a791e1d2ad6d23d91f447df00c92144a2c0e9bf8ec13960e477e1335db9b",
    "skills/outcome-check/SKILL.md": "89e10d49b0b6facf04e33bdd47a8fc4765fea4c1249ede83823bacfbffff509c",
    "skills/project-model/SKILL.md": "3a7353a0e6a37ce82582975eff79f1d696991c43a0e7373fe5451476da024345"
  }
}
