{
  "_format": 1,
  "files": {
    ".claude-plugin/plugin.json": "75ef7592f87b9571cc8be389d54099e21635ac93a7670796fe6fdd3860808f47",
    "agents/model-curator.md": "1b8381997ea4c29944e1388b7467ca38787c893801e8bfd79460c103d0e169d5",
    "commands/presence-curate.md": "9295204486515a9dfd1a66ee77b64b067fdcb04ca436f182106659b33d504986",
    "commands/presence-doctor.md": "36bf525442fa906811f7a67b654c09b4254f961ea4953365a890aff1456e2398",
    "commands/presence-preset.md": "e243c01d19ef00a57701f8d667bdea51537c4d8335e1c4f9e36f71a11168fffd",
    "commands/presence-reset.md": "e64ddcab577b5fef9fcfbf068783356fdc3c4ed5c70972ef0b322054cb81afff",
    "commands/presence-status.md": "047a4c36c5b521292aa7f8a6931e71b09e971977a081f734871942dce3804c72",
    "hooks/hooks.json": "40effcbf1648f374a4f2f5766fb50090b5f7825887beaa4412f7fb67704f7c93",
    "hooks/scripts/post-tool-bash.sh": "c51cf42a7e4c246e6be5122ae7d87e82aa818b8cc8d53aaa73772ca004c22f03",
    "hooks/scripts/post-tool-edit.sh": "c6ce0d9c3d985f1abc0b216de1ad9fd6657e768fd17ce06301a1f8e6f475a230",
    "hooks/scripts/pre-tool-bash.sh": "e4e1bf6a75dabb52b7aa40bf71bcb303357470e50dc1274003d858baab8852a2",
    "hooks/scripts/session-start.sh": "6720a03ec07f1f0c4095ae5c933a19bfa9a418b3937992086f682f17308b1978",
    "hooks/scripts/stop.sh": "813f75b3a02b1b44b8b7fa209ac652bd464d2220d0438e87550ff53911bd275e",
    "hooks/scripts/user-prompt-submit.sh": "44feddaf9c4371b858f72d2009e7b24d3f51e9a04711291af153ae6b85e64025",
    "lib/__init__.py": "54bd6293290e2b359855c2f4e854921aa4a1c450956471bbc94be700a4e83466",
    "lib/_common.py": "e64d2c937c9a886634b685936b4866a6be2b1b0b2ed5d910543785a22a3b67f9",
    "lib/cmdparse.py": "30f4562a191ad3a854e66d41cf6760a8e8c959761d4717ff4f024f3f773df1e3",
    "lib/doctor.py": "82334f1e7cee5e4e04bb4a4330d282d3146a3ab61b0ce7256f9ff1c8ebd6e18c",
    "lib/events.py": "ad429b47ce14afd0e5e2cc7b053217683f07a28c6de2b13d547d36b743f08849",
    "lib/hook_post_tool_bash.py": "de6279908ee7eb18f7cb20472a483cfa7bbd7bfec162c1bfc1c9a6e9f42f1e10",
    "lib/hook_post_tool_edit.py": "17c5c8e286eaff1729eb7eae64899ee358014f27526d3d3821004db371148c88",
    "lib/hook_pre_tool_bash.py": "d6fa8de2c1feb844535aa460cc4558c1816f43fd9433493c6ab8ae2bfd5cd9b3",
    "lib/hook_session_start.py": "c02e994a0adc70b235ecc82ea19f070c1d749e26e051cbe3ad4ed6629d2c104e",
    "lib/hook_stop.py": "11ec34eee0c47cae417fc3ea55c78dd24b893480dc38fb278e8811f5b9418501",
    "lib/hook_user_prompt_submit.py": "bf5ff1da9ac7d1caea53f84d79ea1ece688b9f1a8529351ecc77fe207d7e1d69",
    "lib/integrity.py": "15c9da160d163ccbf905a5366833e4b0817bbf533689bf70d20120c02f6c6e6b",
    "lib/model.py": "99a1571c8f56b70ef04cd857523ed7daffa695e533350cbadd17874ee84d139a",
    "lib/presets.py": "560b42fe4d6bb6f2eb0a620abef006451751a49476d602714de700e790be3fe7",
    "lib/redact.py": "aecd135dd5d1626acd5caf69a90799d2bcf6d5938ad1f381acafcfa736cb9581",
    "lib/telemetry.py": "7f411f986b761d151096dde7e1ca057539918b24e22da87ffd9a36cd1d62c331",
    "lib/verify.py": "3ba6edd6f12bf66b66791bf6cfc344c3689fce1409c63026bef56cddb982e31e",
    "lib/warnings_log.py": "40f5498da522815a89d8a14bbb3a2d1f36cd9d1d885e55261cc3aa9850c663c2",
    "presets/enterprise-strict.json": "1b14e70990eb8d9b2e990131f887db6f7eadfc4f2dedadc242ff83578384eadf",
    "presets/solo-dev.json": "8ecae15b3d457b6f95d63152ed97f186a16ec6ea586c07467ec7a4393ab1b6c0",
    "presets/team-oss.json": "ec7664ab70f69fd1d588bf9b724844bd67b750b8c4618c161815eec6fb43e9fc",
    "presets/zerotrust.json": "dc9dc2e9c917cef5be67d90b1d5de4f4559844560eab24896d8bd85d983d0a0d",
    "skills/confidence-gate/SKILL.md": "e3a0a791e1d2ad6d23d91f447df00c92144a2c0e9bf8ec13960e477e1335db9b",
    "skills/outcome-check/SKILL.md": "89e10d49b0b6facf04e33bdd47a8fc4765fea4c1249ede83823bacfbffff509c",
    "skills/project-model/SKILL.md": "3a7353a0e6a37ce82582975eff79f1d696991c43a0e7373fe5451476da024345"
  }
}
