{
  "_format": 1,
  "files": {
    ".claude-plugin/plugin.json": "5811dd29330015baf28585d6c4d6d22ff8a729091ffbfd3fbb2c40d83948d1c8",
    "agents/model-curator.md": "1b8381997ea4c29944e1388b7467ca38787c893801e8bfd79460c103d0e169d5",
    "commands/presence-curate.md": "9295204486515a9dfd1a66ee77b64b067fdcb04ca436f182106659b33d504986",
    "commands/presence-doctor.md": "36bf525442fa906811f7a67b654c09b4254f961ea4953365a890aff1456e2398",
    "commands/presence-preset.md": "e243c01d19ef00a57701f8d667bdea51537c4d8335e1c4f9e36f71a11168fffd",
    "commands/presence-reset.md": "e64ddcab577b5fef9fcfbf068783356fdc3c4ed5c70972ef0b322054cb81afff",
    "commands/presence-status.md": "047a4c36c5b521292aa7f8a6931e71b09e971977a081f734871942dce3804c72",
    "hooks/hooks.json": "40effcbf1648f374a4f2f5766fb50090b5f7825887beaa4412f7fb67704f7c93",
    "hooks/scripts/post-tool-bash.sh": "ba91bf9a4db301dddca262fd067cd789e14b0b2b1043f19cd9a66f00080d2276",
    "hooks/scripts/post-tool-edit.sh": "319d264fa32208aacfde8768a35bda64cb7cb0558841b31e2d6ac9b6fa05dc4f",
    "hooks/scripts/pre-tool-bash.sh": "65a513c234925db16356cd083d99263c78d0450edcf516889477ed90f3a98885",
    "hooks/scripts/session-start.sh": "8ed00855272c0026c677b25a81a23e404bab3115aacf34523972952ba3aebd56",
    "hooks/scripts/stop.sh": "a9fbb33d8d29edd26eac693a13a82397645b4a37e8475b66022b8e138f4611f8",
    "hooks/scripts/user-prompt-submit.sh": "7e636f68bd6945fa20b68f8b687cb824ee018e39a4bfb9474c14c485dcf7b85a",
    "lib/__init__.py": "54bd6293290e2b359855c2f4e854921aa4a1c450956471bbc94be700a4e83466",
    "lib/_common.py": "8d12200bde406d5784c0012957e7ec442610ceeea5fc625a8e1ac183e92d63f6",
    "lib/cmdparse.py": "30f4562a191ad3a854e66d41cf6760a8e8c959761d4717ff4f024f3f773df1e3",
    "lib/doctor.py": "b52f48b945013444a64420d3e816fe635d50be222d310bdca3070f8f7e3a06e5",
    "lib/events.py": "ad429b47ce14afd0e5e2cc7b053217683f07a28c6de2b13d547d36b743f08849",
    "lib/hook_post_tool_bash.py": "6c7e049e32528cd214fc19f292fc47651e06e040e4455b9b8ec6b4851f08afbb",
    "lib/hook_post_tool_edit.py": "722a13461b9458667479a4d5b408894addd5dda70a4ad1d2bfae3d56df07093d",
    "lib/hook_pre_tool_bash.py": "b19f42a4dc0c5e84a9eb508ccc68ea8ac64a9e9b6080ace8a1c8296c2f502d65",
    "lib/hook_session_start.py": "00629558aef6e71bc70c200867579305eb2051c637bb91a237f82fe3bd1904ef",
    "lib/hook_stop.py": "12fc64a0047a2e138bd1c303873682264462aec83b2606fdb338469a2a41aa27",
    "lib/hook_user_prompt_submit.py": "5ada2767fd5dcdfba362412e72f1eb932bf3d405396f47fa664ab61bf1bc6ca4",
    "lib/integrity.py": "15c9da160d163ccbf905a5366833e4b0817bbf533689bf70d20120c02f6c6e6b",
    "lib/model.py": "3236cddc8c6f24aec8fece40ac5fbaf7c586f499f11a8bcccad499044dd10dce",
    "lib/presets.py": "560b42fe4d6bb6f2eb0a620abef006451751a49476d602714de700e790be3fe7",
    "lib/redact.py": "aecd135dd5d1626acd5caf69a90799d2bcf6d5938ad1f381acafcfa736cb9581",
    "lib/telemetry.py": "f54a8c53a805e78832fc517082498e5f805f9ddb73384cc62a1f6054c167b034",
    "lib/verify.py": "3ba6edd6f12bf66b66791bf6cfc344c3689fce1409c63026bef56cddb982e31e",
    "lib/warnings_log.py": "40f5498da522815a89d8a14bbb3a2d1f36cd9d1d885e55261cc3aa9850c663c2",
    "presets/enterprise-strict.json": "1b14e70990eb8d9b2e990131f887db6f7eadfc4f2dedadc242ff83578384eadf",
    "presets/solo-dev.json": "8ecae15b3d457b6f95d63152ed97f186a16ec6ea586c07467ec7a4393ab1b6c0",
    "presets/team-oss.json": "ec7664ab70f69fd1d588bf9b724844bd67b750b8c4618c161815eec6fb43e9fc",
    "presets/zerotrust.json": "dc9dc2e9c917cef5be67d90b1d5de4f4559844560eab24896d8bd85d983d0a0d",
    "skills/confidence-gate/SKILL.md": "e3a0a791e1d2ad6d23d91f447df00c92144a2c0e9bf8ec13960e477e1335db9b",
    "skills/outcome-check/SKILL.md": "89e10d49b0b6facf04e33bdd47a8fc4765fea4c1249ede83823bacfbffff509c",
    "skills/project-model/SKILL.md": "3a7353a0e6a37ce82582975eff79f1d696991c43a0e7373fe5451476da024345"
  }
}
